
Microsoft Visual Studio Solution File, Format Version 12.00
# Visual Studio 15
Project("{FAE04EC0-301F-11D3-BF4B-00C04F79EFBC}") = "Assembly-CSharp", "Assembly-CSharp.csproj", "{D9E84D10-B2DA-D125-C901-60C021A6DCEE}"
EndProject
Global
	GlobalSection(SolutionConfigurationPlatforms) = preSolution
		Debug|Any CPU = Debug|Any CPU
		Release|Any CPU = Release|Any CPU
	EndGlobalSection
	GlobalSection(ProjectConfigurationPlatforms) = postSolution
		{D9E84D10-B2DA-D125-C901-60C021A6DCEE}.Debug|Any CPU.ActiveCfg = Debug|Any CPU
		{D9E84D10-B2DA-D125-C901-60C021A6DCEE}.Debug|Any CPU.Build.0 = Debug|Any CPU
		{D9E84D10-B2DA-D125-C901-60C021A6DCEE}.Release|Any CPU.ActiveCfg = Release|Any CPU
		{D9E84D10-B2DA-D125-C901-60C021A6DCEE}.Release|Any CPU.Build.0 = Release|Any CPU
	EndGlobalSection
	GlobalSection(SolutionProperties) = preSolution
		HideSolutionNode = FALSE
	EndGlobalSection
EndGlobal
